
Microsoft Visual Studio Solution File, Format Version 12.00
# Visual Studio 2012
Project("{FAE04EC0-301F-11D3-BF4B-00C04F79EFBC}") = "TwitterFeed", "TwitterFeed\TwitterFeed.csproj", "{B81AEC56-064A-4462-8170-D9C33BE2E0D0}"
EndProject
Project("{FAE04EC0-301F-11D3-BF4B-00C04F79EFBC}") = "TwitterFeedHarness", "TwitterFeedHarness\TwitterFeedHarness.csproj", "{AC16C3B0-CA1E-4D1B-9C9A-5389560A05E5}"
EndProject
Project("{FAE04EC0-301F-11D3-BF4B-00C04F79EFBC}") = "TwitterStream", "TwitterStream\TwitterStream.csproj", "{07A4BBA5-BEC1-455E-B8EA-BFA3E18D36EA}"
EndProject
Project("{FAE04EC0-301F-11D3-BF4B-00C04F79EFBC}") = "TwitterStreamWpf", "TwitterStreamWpf\TwitterStreamWpf.csproj", "{0866D586-71C1-43BD-89A9-A171EB5892D9}"
EndProject
Global
	GlobalSection(SolutionConfigurationPlatforms) = preSolution
		Debug|Any CPU = Debug|Any CPU
		Release|Any CPU = Release|Any CPU
	EndGlobalSection
	GlobalSection(ProjectConfigurationPlatforms) = postSolution
		{B81AEC56-064A-4462-8170-D9C33BE2E0D0}.Debug|Any CPU.ActiveCfg = Debug|Any CPU
		{B81AEC56-064A-4462-8170-D9C33BE2E0D0}.Debug|Any CPU.Build.0 = Debug|Any CPU
		{B81AEC56-064A-4462-8170-D9C33BE2E0D0}.Release|Any CPU.ActiveCfg = Release|Any CPU
		{B81AEC56-064A-4462-8170-D9C33BE2E0D0}.Release|Any CPU.Build.0 = Release|Any CPU
		{AC16C3B0-CA1E-4D1B-9C9A-5389560A05E5}.Debug|Any CPU.ActiveCfg = Debug|Any CPU
		{AC16C3B0-CA1E-4D1B-9C9A-5389560A05E5}.Debug|Any CPU.Build.0 = Debug|Any CPU
		{AC16C3B0-CA1E-4D1B-9C9A-5389560A05E5}.Release|Any CPU.ActiveCfg = Release|Any CPU
		{AC16C3B0-CA1E-4D1B-9C9A-5389560A05E5}.Release|Any CPU.Build.0 = Release|Any CPU
		{07A4BBA5-BEC1-455E-B8EA-BFA3E18D36EA}.Debug|Any CPU.ActiveCfg = Debug|Any CPU
		{07A4BBA5-BEC1-455E-B8EA-BFA3E18D36EA}.Debug|Any CPU.Build.0 = Debug|Any CPU
		{07A4BBA5-BEC1-455E-B8EA-BFA3E18D36EA}.Release|Any CPU.ActiveCfg = Release|Any CPU
		{07A4BBA5-BEC1-455E-B8EA-BFA3E18D36EA}.Release|Any CPU.Build.0 = Release|Any CPU
		{0866D586-71C1-43BD-89A9-A171EB5892D9}.Debug|Any CPU.ActiveCfg = Debug|Any CPU
		{0866D586-71C1-43BD-89A9-A171EB5892D9}.Debug|Any CPU.Build.0 = Debug|Any CPU
		{0866D586-71C1-43BD-89A9-A171EB5892D9}.Release|Any CPU.ActiveCfg = Release|Any CPU
		{0866D586-71C1-43BD-89A9-A171EB5892D9}.Release|Any CPU.Build.0 = Release|Any CPU
	EndGlobalSection
	GlobalSection(SolutionProperties) = preSolution
		HideSolutionNode = FALSE
	EndGlobalSection
EndGlobal
